
Microsoft Visual Studio Solution File, Format Version 12.00
# Visual Studio Version 16
VisualStudioVersion = 16.0.31025.194
MinimumVisualStudioVersion = 10.0.40219.1
Project("{FAE04EC0-301F-11D3-BF4B-00C04F79EFBC}") = "TPSQLI", "TPSQLI\TPSQLI.csproj", "{688EDF7B-284C-4A39-A03C-77F8516CFC80}"
EndProject
Project("{FAE04EC0-301F-11D3-BF4B-00C04F79EFBC}") = "Stagiaires", "Stagiaires\Stagiaires.csproj", "{12A9910E-E206-447D-9919-8667A7524936}"
EndProject
Project("{FAE04EC0-301F-11D3-BF4B-00C04F79EFBC}") = "Personnes", "Personnes\Personnes.csproj", "{CFE67E5D-4F8B-4381-BD8C-DCFF8CF6BBF3}"
EndProject
Global
	GlobalSection(SolutionConfigurationPlatforms) = preSolution
		Debug|Any CPU = Debug|Any CPU
		Release|Any CPU = Release|Any CPU
	EndGlobalSection
	GlobalSection(ProjectConfigurationPlatforms) = postSolution
		{688EDF7B-284C-4A39-A03C-77F8516CFC80}.Debug|Any CPU.ActiveCfg = Debug|Any CPU
		{688EDF7B-284C-4A39-A03C-77F8516CFC80}.Debug|Any CPU.Build.0 = Debug|Any CPU
		{688EDF7B-284C-4A39-A03C-77F8516CFC80}.Release|Any CPU.ActiveCfg = Release|Any CPU
		{688EDF7B-284C-4A39-A03C-77F8516CFC80}.Release|Any CPU.Build.0 = Release|Any CPU
		{12A9910E-E206-447D-9919-8667A7524936}.Debug|Any CPU.ActiveCfg = Debug|Any CPU
		{12A9910E-E206-447D-9919-8667A7524936}.Debug|Any CPU.Build.0 = Debug|Any CPU
		{12A9910E-E206-447D-9919-8667A7524936}.Release|Any CPU.ActiveCfg = Release|Any CPU
		{12A9910E-E206-447D-9919-8667A7524936}.Release|Any CPU.Build.0 = Release|Any CPU
		{CFE67E5D-4F8B-4381-BD8C-DCFF8CF6BBF3}.Debug|Any CPU.ActiveCfg = Debug|Any CPU
		{CFE67E5D-4F8B-4381-BD8C-DCFF8CF6BBF3}.Debug|Any CPU.Build.0 = Debug|Any CPU
		{CFE67E5D-4F8B-4381-BD8C-DCFF8CF6BBF3}.Release|Any CPU.ActiveCfg = Release|Any CPU
		{CFE67E5D-4F8B-4381-BD8C-DCFF8CF6BBF3}.Release|Any CPU.Build.0 = Release|Any CPU
	EndGlobalSection
	GlobalSection(SolutionProperties) = preSolution
		HideSolutionNode = FALSE
	EndGlobalSection
	GlobalSection(ExtensibilityGlobals) = postSolution
		SolutionGuid = {8BD777F9-8384-4EDB-A9A1-D08F64524354}
	EndGlobalSection
EndGlobal
